
Microsoft Visual Studio Solution File, Format Version 12.00
# Visual Studio Version 17
VisualStudioVersion = 17.0.31903.59
MinimumVisualStudioVersion = 10.0.40219.1
Project("{2150E333-8FDC-42A3-9474-1A3956D46DE8}") = "src", "src", "{D6B9B175-BC0B-473F-B93F-240B64B54A4C}"
EndProject
Project("{FAE04EC0-301F-11D3-BF4B-00C04F79EFBC}") = "Lesson-1", "src\Lesson-1\Lesson-1.csproj", "{EFD7BF17-BA31-42BF-8D0B-177E5F16D7DD}"
EndProject
Project("{FAE04EC0-301F-11D3-BF4B-00C04F79EFBC}") = "Lesson-2", "src\Lesson-2\Lesson-2.csproj", "{1032666A-C6D0-4F76-A9C1-FA117BCCDDAE}"
EndProject
Project("{FAE04EC0-301F-11D3-BF4B-00C04F79EFBC}") = "Lesson-3", "src\Lesson-3\Lesson-3.csproj", "{08311A4B-C322-4814-A4F2-F07B37AEDFE1}"
EndProject
Project("{FAE04EC0-301F-11D3-BF4B-00C04F79EFBC}") = "Lesson-4", "src\Lesson-4\Lesson-4.csproj", "{8B0CA5BF-19E3-496E-815D-95A229DFC896}"
EndProject
Project("{FAE04EC0-301F-11D3-BF4B-00C04F79EFBC}") = "Lesson-5", "src\Lesson-5\Lesson-5.csproj", "{D41A1170-5AA7-4A0A-AE87-428E16DDB14B}"
EndProject
Project("{FAE04EC0-301F-11D3-BF4B-00C04F79EFBC}") = "Lesson-6", "src\Lesson-6\Lesson-6.csproj", "{128A941F-3193-4094-A0E7-6EA0FC2022B8}"
EndProject
Project("{FAE04EC0-301F-11D3-BF4B-00C04F79EFBC}") = "Lesson-7", "src\Lesson-7\Lesson-7.csproj", "{5B2B02E2-3943-472E-9B17-601E10C05965}"
EndProject
Project("{FAE04EC0-301F-11D3-BF4B-00C04F79EFBC}") = "Lesson-8", "src\Lesson-8\Lesson-8.csproj", "{493E1B7C-B232-4442-B1D6-DA695B23640E}"
EndProject
Project("{FAE04EC0-301F-11D3-BF4B-00C04F79EFBC}") = "Lesson-9", "src\Lesson-9\Lesson-9.csproj", "{7D088BFA-4651-40AA-844C-9E4002D3D3E3}"
EndProject
Project("{FAE04EC0-301F-11D3-BF4B-00C04F79EFBC}") = "Lesson-10", "src\Lesson-10\Lesson-10.csproj", "{FCFEC275-1479-4922-B065-4B6C54B1EE62}"
EndProject
Project("{FAE04EC0-301F-11D3-BF4B-00C04F79EFBC}") = "Helper", "src\Helper\Helper.csproj", "{8F353089-9CF3-4252-A1CE-224D063AC986}"
EndProject
Project("{FAE04EC0-301F-11D3-BF4B-00C04F79EFBC}") = "Lesson-11", "src\Lesson-11\Lesson-11.csproj", "{DDC08470-B48C-491B-ACC0-E1B5BC2E7F0F}"
EndProject
Project("{FAE04EC0-301F-11D3-BF4B-00C04F79EFBC}") = "Lesson-12", "src\Lesson-12\Lesson-12.csproj", "{A053642F-5AE1-4990-B94E-AEDF84881572}"
EndProject
Project("{FAE04EC0-301F-11D3-BF4B-00C04F79EFBC}") = "Lesson-13", "src\Lesson-13\Lesson-13.csproj", "{F29DFAE1-D8CE-43B3-B8D8-98407046BCDD}"
EndProject
Project("{FAE04EC0-301F-11D3-BF4B-00C04F79EFBC}") = "Lesson-14", "src\Lesson-14\Lesson-14.csproj", "{3359D01B-66EF-40BE-9406-CD83CD8604F2}"
EndProject
Project("{FAE04EC0-301F-11D3-BF4B-00C04F79EFBC}") = "Lesson-15", "src\Lesson-15\Lesson-15.csproj", "{886AD696-9ED4-4CAE-9178-952A7DBC6D44}"
EndProject
Project("{FAE04EC0-301F-11D3-BF4B-00C04F79EFBC}") = "Lesson-16", "src\Lesson-16\Lesson-16.csproj", "{ECD0ED2C-A55F-4986-9BA9-D036B36508AB}"
EndProject
Project("{FAE04EC0-301F-11D3-BF4B-00C04F79EFBC}") = "Lesson-17", "src\Lesson-17\Lesson-17.csproj", "{66028066-055D-4C05-A485-B52A92CAD2BE}"
EndProject
Project("{FAE04EC0-301F-11D3-BF4B-00C04F79EFBC}") = "Lesson-18", "src\Lesson-18\Lesson-18.csproj", "{C8BAEBEF-1DB3-4751-A451-9CE219EB4F66}"
EndProject
Global
	GlobalSection(SolutionConfigurationPlatforms) = preSolution
		Debug|Any CPU = Debug|Any CPU
		Release|Any CPU = Release|Any CPU
	EndGlobalSection
	GlobalSection(SolutionProperties) = preSolution
		HideSolutionNode = FALSE
	EndGlobalSection
	GlobalSection(ProjectConfigurationPlatforms) = postSolution
		{EFD7BF17-BA31-42BF-8D0B-177E5F16D7DD}.Debug|Any CPU.ActiveCfg = Debug|Any CPU
		{EFD7BF17-BA31-42BF-8D0B-177E5F16D7DD}.Debug|Any CPU.Build.0 = Debug|Any CPU
		{EFD7BF17-BA31-42BF-8D0B-177E5F16D7DD}.Release|Any CPU.ActiveCfg = Release|Any CPU
		{EFD7BF17-BA31-42BF-8D0B-177E5F16D7DD}.Release|Any CPU.Build.0 = Release|Any CPU
		{1032666A-C6D0-4F76-A9C1-FA117BCCDDAE}.Debug|Any CPU.ActiveCfg = Debug|Any CPU
		{1032666A-C6D0-4F76-A9C1-FA117BCCDDAE}.Debug|Any CPU.Build.0 = Debug|Any CPU
		{1032666A-C6D0-4F76-A9C1-FA117BCCDDAE}.Release|Any CPU.ActiveCfg = Release|Any CPU
		{1032666A-C6D0-4F76-A9C1-FA117BCCDDAE}.Release|Any CPU.Build.0 = Release|Any CPU
		{08311A4B-C322-4814-A4F2-F07B37AEDFE1}.Debug|Any CPU.ActiveCfg = Debug|Any CPU
		{08311A4B-C322-4814-A4F2-F07B37AEDFE1}.Debug|Any CPU.Build.0 = Debug|Any CPU
		{08311A4B-C322-4814-A4F2-F07B37AEDFE1}.Release|Any CPU.ActiveCfg = Release|Any CPU
		{08311A4B-C322-4814-A4F2-F07B37AEDFE1}.Release|Any CPU.Build.0 = Release|Any CPU
		{8B0CA5BF-19E3-496E-815D-95A229DFC896}.Debug|Any CPU.ActiveCfg = Debug|Any CPU
		{8B0CA5BF-19E3-496E-815D-95A229DFC896}.Debug|Any CPU.Build.0 = Debug|Any CPU
		{8B0CA5BF-19E3-496E-815D-95A229DFC896}.Release|Any CPU.ActiveCfg = Release|Any CPU
		{8B0CA5BF-19E3-496E-815D-95A229DFC896}.Release|Any CPU.Build.0 = Release|Any CPU
		{D41A1170-5AA7-4A0A-AE87-428E16DDB14B}.Debug|Any CPU.ActiveCfg = Debug|Any CPU
		{D41A1170-5AA7-4A0A-AE87-428E16DDB14B}.Debug|Any CPU.Build.0 = Debug|Any CPU
		{D41A1170-5AA7-4A0A-AE87-428E16DDB14B}.Release|Any CPU.ActiveCfg = Release|Any CPU
		{D41A1170-5AA7-4A0A-AE87-428E16DDB14B}.Release|Any CPU.Build.0 = Release|Any CPU
		{128A941F-3193-4094-A0E7-6EA0FC2022B8}.Debug|Any CPU.ActiveCfg = Debug|Any CPU
		{128A941F-3193-4094-A0E7-6EA0FC2022B8}.Debug|Any CPU.Build.0 = Debug|Any CPU
		{128A941F-3193-4094-A0E7-6EA0FC2022B8}.Release|Any CPU.ActiveCfg = Release|Any CPU
		{128A941F-3193-4094-A0E7-6EA0FC2022B8}.Release|Any CPU.Build.0 = Release|Any CPU
		{5B2B02E2-3943-472E-9B17-601E10C05965}.Debug|Any CPU.ActiveCfg = Debug|Any CPU
		{5B2B02E2-3943-472E-9B17-601E10C05965}.Debug|Any CPU.Build.0 = Debug|Any CPU
		{5B2B02E2-3943-472E-9B17-601E10C05965}.Release|Any CPU.ActiveCfg = Release|Any CPU
		{5B2B02E2-3943-472E-9B17-601E10C05965}.Release|Any CPU.Build.0 = Release|Any CPU
		{493E1B7C-B232-4442-B1D6-DA695B23640E}.Debug|Any CPU.ActiveCfg = Debug|Any CPU
		{493E1B7C-B232-4442-B1D6-DA695B23640E}.Debug|Any CPU.Build.0 = Debug|Any CPU
		{493E1B7C-B232-4442-B1D6-DA695B23640E}.Release|Any CPU.ActiveCfg = Release|Any CPU
		{493E1B7C-B232-4442-B1D6-DA695B23640E}.Release|Any CPU.Build.0 = Release|Any CPU
		{7D088BFA-4651-40AA-844C-9E4002D3D3E3}.Debug|Any CPU.ActiveCfg = Debug|Any CPU
		{7D088BFA-4651-40AA-844C-9E4002D3D3E3}.Debug|Any CPU.Build.0 = Debug|Any CPU
		{7D088BFA-4651-40AA-844C-9E4002D3D3E3}.Release|Any CPU.ActiveCfg = Release|Any CPU
		{7D088BFA-4651-40AA-844C-9E4002D3D3E3}.Release|Any CPU.Build.0 = Release|Any CPU
		{FCFEC275-1479-4922-B065-4B6C54B1EE62}.Debug|Any CPU.ActiveCfg = Debug|Any CPU
		{FCFEC275-1479-4922-B065-4B6C54B1EE62}.Debug|Any CPU.Build.0 = Debug|Any CPU
		{FCFEC275-1479-4922-B065-4B6C54B1EE62}.Release|Any CPU.ActiveCfg = Release|Any CPU
		{FCFEC275-1479-4922-B065-4B6C54B1EE62}.Release|Any CPU.Build.0 = Release|Any CPU
		{8F353089-9CF3-4252-A1CE-224D063AC986}.Debug|Any CPU.ActiveCfg = Debug|Any CPU
		{8F353089-9CF3-4252-A1CE-224D063AC986}.Debug|Any CPU.Build.0 = Debug|Any CPU
		{8F353089-9CF3-4252-A1CE-224D063AC986}.Release|Any CPU.ActiveCfg = Release|Any CPU
		{8F353089-9CF3-4252-A1CE-224D063AC986}.Release|Any CPU.Build.0 = Release|Any CPU
		{DDC08470-B48C-491B-ACC0-E1B5BC2E7F0F}.Debug|Any CPU.ActiveCfg = Debug|Any CPU
		{DDC08470-B48C-491B-ACC0-E1B5BC2E7F0F}.Debug|Any CPU.Build.0 = Debug|Any CPU
		{DDC08470-B48C-491B-ACC0-E1B5BC2E7F0F}.Release|Any CPU.ActiveCfg = Release|Any CPU
		{DDC08470-B48C-491B-ACC0-E1B5BC2E7F0F}.Release|Any CPU.Build.0 = Release|Any CPU
		{A053642F-5AE1-4990-B94E-AEDF84881572}.Debug|Any CPU.ActiveCfg = Debug|Any CPU
		{A053642F-5AE1-4990-B94E-AEDF84881572}.Debug|Any CPU.Build.0 = Debug|Any CPU
		{A053642F-5AE1-4990-B94E-AEDF84881572}.Release|Any CPU.ActiveCfg = Release|Any CPU
		{A053642F-5AE1-4990-B94E-AEDF84881572}.Release|Any CPU.Build.0 = Release|Any CPU
		{F29DFAE1-D8CE-43B3-B8D8-98407046BCDD}.Debug|Any CPU.ActiveCfg = Debug|Any CPU
		{F29DFAE1-D8CE-43B3-B8D8-98407046BCDD}.Debug|Any CPU.Build.0 = Debug|Any CPU
		{F29DFAE1-D8CE-43B3-B8D8-98407046BCDD}.Release|Any CPU.ActiveCfg = Release|Any CPU
		{F29DFAE1-D8CE-43B3-B8D8-98407046BCDD}.Release|Any CPU.Build.0 = Release|Any CPU
		{3359D01B-66EF-40BE-9406-CD83CD8604F2}.Debug|Any CPU.ActiveCfg = Debug|Any CPU
		{3359D01B-66EF-40BE-9406-CD83CD8604F2}.Debug|Any CPU.Build.0 = Debug|Any CPU
		{3359D01B-66EF-40BE-9406-CD83CD8604F2}.Release|Any CPU.ActiveCfg = Release|Any CPU
		{3359D01B-66EF-40BE-9406-CD83CD8604F2}.Release|Any CPU.Build.0 = Release|Any CPU
		{886AD696-9ED4-4CAE-9178-952A7DBC6D44}.Debug|Any CPU.ActiveCfg = Debug|Any CPU
		{886AD696-9ED4-4CAE-9178-952A7DBC6D44}.Debug|Any CPU.Build.0 = Debug|Any CPU
		{886AD696-9ED4-4CAE-9178-952A7DBC6D44}.Release|Any CPU.ActiveCfg = Release|Any CPU
		{886AD696-9ED4-4CAE-9178-952A7DBC6D44}.Release|Any CPU.Build.0 = Release|Any CPU
		{ECD0ED2C-A55F-4986-9BA9-D036B36508AB}.Debug|Any CPU.ActiveCfg = Debug|Any CPU
		{ECD0ED2C-A55F-4986-9BA9-D036B36508AB}.Debug|Any CPU.Build.0 = Debug|Any CPU
		{ECD0ED2C-A55F-4986-9BA9-D036B36508AB}.Release|Any CPU.ActiveCfg = Release|Any CPU
		{ECD0ED2C-A55F-4986-9BA9-D036B36508AB}.Release|Any CPU.Build.0 = Release|Any CPU
		{66028066-055D-4C05-A485-B52A92CAD2BE}.Debug|Any CPU.ActiveCfg = Debug|Any CPU
		{66028066-055D-4C05-A485-B52A92CAD2BE}.Debug|Any CPU.Build.0 = Debug|Any CPU
		{66028066-055D-4C05-A485-B52A92CAD2BE}.Release|Any CPU.ActiveCfg = Release|Any CPU
		{66028066-055D-4C05-A485-B52A92CAD2BE}.Release|Any CPU.Build.0 = Release|Any CPU
		{C8BAEBEF-1DB3-4751-A451-9CE219EB4F66}.Debug|Any CPU.ActiveCfg = Debug|Any CPU
		{C8BAEBEF-1DB3-4751-A451-9CE219EB4F66}.Debug|Any CPU.Build.0 = Debug|Any CPU
		{C8BAEBEF-1DB3-4751-A451-9CE219EB4F66}.Release|Any CPU.ActiveCfg = Release|Any CPU
		{C8BAEBEF-1DB3-4751-A451-9CE219EB4F66}.Release|Any CPU.Build.0 = Release|Any CPU
	EndGlobalSection
	GlobalSection(NestedProjects) = preSolution
		{EFD7BF17-BA31-42BF-8D0B-177E5F16D7DD} = {D6B9B175-BC0B-473F-B93F-240B64B54A4C}
		{1032666A-C6D0-4F76-A9C1-FA117BCCDDAE} = {D6B9B175-BC0B-473F-B93F-240B64B54A4C}
		{08311A4B-C322-4814-A4F2-F07B37AEDFE1} = {D6B9B175-BC0B-473F-B93F-240B64B54A4C}
		{8B0CA5BF-19E3-496E-815D-95A229DFC896} = {D6B9B175-BC0B-473F-B93F-240B64B54A4C}
		{D41A1170-5AA7-4A0A-AE87-428E16DDB14B} = {D6B9B175-BC0B-473F-B93F-240B64B54A4C}
		{128A941F-3193-4094-A0E7-6EA0FC2022B8} = {D6B9B175-BC0B-473F-B93F-240B64B54A4C}
		{5B2B02E2-3943-472E-9B17-601E10C05965} = {D6B9B175-BC0B-473F-B93F-240B64B54A4C}
		{493E1B7C-B232-4442-B1D6-DA695B23640E} = {D6B9B175-BC0B-473F-B93F-240B64B54A4C}
		{7D088BFA-4651-40AA-844C-9E4002D3D3E3} = {D6B9B175-BC0B-473F-B93F-240B64B54A4C}
		{FCFEC275-1479-4922-B065-4B6C54B1EE62} = {D6B9B175-BC0B-473F-B93F-240B64B54A4C}
		{8F353089-9CF3-4252-A1CE-224D063AC986} = {D6B9B175-BC0B-473F-B93F-240B64B54A4C}
		{DDC08470-B48C-491B-ACC0-E1B5BC2E7F0F} = {D6B9B175-BC0B-473F-B93F-240B64B54A4C}
		{A053642F-5AE1-4990-B94E-AEDF84881572} = {D6B9B175-BC0B-473F-B93F-240B64B54A4C}
		{F29DFAE1-D8CE-43B3-B8D8-98407046BCDD} = {D6B9B175-BC0B-473F-B93F-240B64B54A4C}
		{3359D01B-66EF-40BE-9406-CD83CD8604F2} = {D6B9B175-BC0B-473F-B93F-240B64B54A4C}
		{886AD696-9ED4-4CAE-9178-952A7DBC6D44} = {D6B9B175-BC0B-473F-B93F-240B64B54A4C}
		{ECD0ED2C-A55F-4986-9BA9-D036B36508AB} = {D6B9B175-BC0B-473F-B93F-240B64B54A4C}
		{66028066-055D-4C05-A485-B52A92CAD2BE} = {D6B9B175-BC0B-473F-B93F-240B64B54A4C}
		{C8BAEBEF-1DB3-4751-A451-9CE219EB4F66} = {D6B9B175-BC0B-473F-B93F-240B64B54A4C}
	EndGlobalSection
EndGlobal
