
Microsoft Visual Studio Solution File, Format Version 12.00
# Visual Studio Version 17
VisualStudioVersion = 17.0.31903.59
MinimumVisualStudioVersion = 10.0.40219.1
Project("{2150E333-8FDC-42A3-9474-1A3956D46DE8}") = "src", "src", "{D6B9B175-BC0B-473F-B93F-240B64B54A4C}"
EndProject
Project("{FAE04EC0-301F-11D3-BF4B-00C04F79EFBC}") = "Lesson-1", "src\Lesson-1\Lesson-1.csproj", "{EFD7BF17-BA31-42BF-8D0B-177E5F16D7DD}"
EndProject
Project("{FAE04EC0-301F-11D3-BF4B-00C04F79EFBC}") = "Lesson-2", "src\Lesson-2\Lesson-2.csproj", "{1032666A-C6D0-4F76-A9C1-FA117BCCDDAE}"
EndProject
Project("{FAE04EC0-301F-11D3-BF4B-00C04F79EFBC}") = "Lesson-3", "src\Lesson-3\Lesson-3.csproj", "{08311A4B-C322-4814-A4F2-F07B37AEDFE1}"
EndProject
Project("{FAE04EC0-301F-11D3-BF4B-00C04F79EFBC}") = "Lesson-4", "src\Lesson-4\Lesson-4.csproj", "{8B0CA5BF-19E3-496E-815D-95A229DFC896}"
EndProject
Project("{FAE04EC0-301F-11D3-BF4B-00C04F79EFBC}") = "Lesson-5", "src\Lesson-5\Lesson-5.csproj", "{D41A1170-5AA7-4A0A-AE87-428E16DDB14B}"
EndProject
Global
	GlobalSection(SolutionConfigurationPlatforms) = preSolution
		Debug|Any CPU = Debug|Any CPU
		Release|Any CPU = Release|Any CPU
	EndGlobalSection
	GlobalSection(SolutionProperties) = preSolution
		HideSolutionNode = FALSE
	EndGlobalSection
	GlobalSection(ProjectConfigurationPlatforms) = postSolution
		{EFD7BF17-BA31-42BF-8D0B-177E5F16D7DD}.Debug|Any CPU.ActiveCfg = Debug|Any CPU
		{EFD7BF17-BA31-42BF-8D0B-177E5F16D7DD}.Debug|Any CPU.Build.0 = Debug|Any CPU
		{EFD7BF17-BA31-42BF-8D0B-177E5F16D7DD}.Release|Any CPU.ActiveCfg = Release|Any CPU
		{EFD7BF17-BA31-42BF-8D0B-177E5F16D7DD}.Release|Any CPU.Build.0 = Release|Any CPU
		{1032666A-C6D0-4F76-A9C1-FA117BCCDDAE}.Debug|Any CPU.ActiveCfg = Debug|Any CPU
		{1032666A-C6D0-4F76-A9C1-FA117BCCDDAE}.Debug|Any CPU.Build.0 = Debug|Any CPU
		{1032666A-C6D0-4F76-A9C1-FA117BCCDDAE}.Release|Any CPU.ActiveCfg = Release|Any CPU
		{1032666A-C6D0-4F76-A9C1-FA117BCCDDAE}.Release|Any CPU.Build.0 = Release|Any CPU
		{08311A4B-C322-4814-A4F2-F07B37AEDFE1}.Debug|Any CPU.ActiveCfg = Debug|Any CPU
		{08311A4B-C322-4814-A4F2-F07B37AEDFE1}.Debug|Any CPU.Build.0 = Debug|Any CPU
		{08311A4B-C322-4814-A4F2-F07B37AEDFE1}.Release|Any CPU.ActiveCfg = Release|Any CPU
		{08311A4B-C322-4814-A4F2-F07B37AEDFE1}.Release|Any CPU.Build.0 = Release|Any CPU
		{8B0CA5BF-19E3-496E-815D-95A229DFC896}.Debug|Any CPU.ActiveCfg = Debug|Any CPU
		{8B0CA5BF-19E3-496E-815D-95A229DFC896}.Debug|Any CPU.Build.0 = Debug|Any CPU
		{8B0CA5BF-19E3-496E-815D-95A229DFC896}.Release|Any CPU.ActiveCfg = Release|Any CPU
		{8B0CA5BF-19E3-496E-815D-95A229DFC896}.Release|Any CPU.Build.0 = Release|Any CPU
		{D41A1170-5AA7-4A0A-AE87-428E16DDB14B}.Debug|Any CPU.ActiveCfg = Debug|Any CPU
		{D41A1170-5AA7-4A0A-AE87-428E16DDB14B}.Debug|Any CPU.Build.0 = Debug|Any CPU
		{D41A1170-5AA7-4A0A-AE87-428E16DDB14B}.Release|Any CPU.ActiveCfg = Release|Any CPU
		{D41A1170-5AA7-4A0A-AE87-428E16DDB14B}.Release|Any CPU.Build.0 = Release|Any CPU
	EndGlobalSection
	GlobalSection(NestedProjects) = preSolution
		{EFD7BF17-BA31-42BF-8D0B-177E5F16D7DD} = {D6B9B175-BC0B-473F-B93F-240B64B54A4C}
		{1032666A-C6D0-4F76-A9C1-FA117BCCDDAE} = {D6B9B175-BC0B-473F-B93F-240B64B54A4C}
		{08311A4B-C322-4814-A4F2-F07B37AEDFE1} = {D6B9B175-BC0B-473F-B93F-240B64B54A4C}
		{8B0CA5BF-19E3-496E-815D-95A229DFC896} = {D6B9B175-BC0B-473F-B93F-240B64B54A4C}
		{D41A1170-5AA7-4A0A-AE87-428E16DDB14B} = {D6B9B175-BC0B-473F-B93F-240B64B54A4C}
	EndGlobalSection
EndGlobal
